hash: 7c8519b92c19888ea206fc6997cc110841df216d67eb54dda8db4abc3d24cc0c
updated: 2018-03-23T12:39:58.092531Z
imports:
- name: github.com/NodePrime/jsonpath
  version: 84403ded544328c99be3472727667179eef23a91
  repo: git@github.com:johnmccabe/jsonpath.git
  subpackages:
  - cli/jsonpath
- name: github.com/urfave/cli
  version: 5db74198dee1cfe60cf06a611d03a420361baad6
- name: golang.org/x/crypto
  version: 1f22c0103821b9390939b6776727195525381532
  subpackages:
  - ssh/terminal
testImports: []
