# This file is autogenerated, do not edit; changes may be undone by the next 'dep ensure'.


[[projects]]
  digest = "1:044c8b8d1c1d5ab5145c7efeec3c1c200f8dddb49f590c87911231ae50ed6d8c"
  name = "github.com/matryer/is"
  packages = ["."]
  pruneopts = "UT"
  revision = "7c2b2736b653cb467f577a637187a236e770455f"
  version = "v1.2.0"

[[projects]]
  digest = "1:0377edffb6fff9b100103369cba0d250ff6dfe1d9d77fb994f1541082d1ce1ab"
  name = "github.com/urfave/cli"
  packages = ["."]
  pruneopts = "UT"
  revision = "5db74198dee1cfe60cf06a611d03a420361baad6"
  version = "v1.12.0"

[[projects]]
  digest = "1:25c94dba495a2eccc455516bb78d4b64cc69650b7fe9a358adc289c5a5fde1f5"
  name = "golang.org/x/crypto"
  packages = ["ssh/terminal"]
  pruneopts = "UT"
  revision = "1f22c0103821b9390939b6776727195525381532"

[[projects]]
  digest = "1:4268f3fa156756a989269111713aa2ea011a310c7aef1e48c3cb57f87addd851"
  name = "k8s.io/client-go"
  packages = [
    "third_party/forked/golang/template",
    "util/jsonpath",
  ]
  pruneopts = "UT"
  revision = "78d2af792babf2dd937ba2e2a8d99c753a5eda89"
  version = "v12.0.0"

[solve-meta]
  analyzer-name = "dep"
  analyzer-version = 1
  input-imports = [
    "github.com/matryer/is",
    "github.com/urfave/cli",
    "golang.org/x/crypto/ssh/terminal",
    "k8s.io/client-go/util/jsonpath",
  ]
  solver-name = "gps-cdcl"
  solver-version = 1
