# This file is autogenerated, do not edit; changes may be undone by the next 'dep ensure'.


[[projects]]
  branch = "master"
  digest = "1:bfdc609d11759ec1e9258f8f865eb8751bb2f338914f6d7feb5270b044d479ce"
  name = "github.com/NodePrime/jsonpath"
  packages = ["."]
  pruneopts = "UT"
  revision = "84403ded544328c99be3472727667179eef23a91"
  source = "git@github.com:johnmccabe/jsonpath.git"

[[projects]]
  digest = "1:0377edffb6fff9b100103369cba0d250ff6dfe1d9d77fb994f1541082d1ce1ab"
  name = "github.com/urfave/cli"
  packages = ["."]
  pruneopts = "UT"
  revision = "5db74198dee1cfe60cf06a611d03a420361baad6"
  version = "v1.12.0"

[[projects]]
  digest = "1:25c94dba495a2eccc455516bb78d4b64cc69650b7fe9a358adc289c5a5fde1f5"
  name = "golang.org/x/crypto"
  packages = ["ssh/terminal"]
  pruneopts = "UT"
  revision = "1f22c0103821b9390939b6776727195525381532"

[solve-meta]
  analyzer-name = "dep"
  analyzer-version = 1
  input-imports = [
    "github.com/NodePrime/jsonpath",
    "github.com/urfave/cli",
    "golang.org/x/crypto/ssh/terminal",
  ]
  solver-name = "gps-cdcl"
  solver-version = 1
