# This file is autogenerated, do not edit; changes may be undone by the next 'dep ensure'.


[[projects]]
  digest = "1:ffe9824d294da03b391f44e1ae8281281b4afc1bdaa9588c9097785e3af10cec"
  name = "github.com/davecgh/go-spew"
  packages = ["spew"]
  pruneopts = "UT"
  revision = "8991bc29aa16c548c550c7ff78260e27b9ab7c73"
  version = "v1.1.1"

[[projects]]
  digest = "1:0028cb19b2e4c3112225cd871870f2d9cf49b9b4276531f03438a88e94be86fe"
  name = "github.com/pmezard/go-difflib"
  packages = ["difflib"]
  pruneopts = "UT"
  revision = "792786c7400a136282c1664665ae0a8db921c6c2"
  version = "v1.0.0"

[[projects]]
  digest = "1:972c2427413d41a1e06ca4897e8528e5a1622894050e2f527b38ddf0f343f759"
  name = "github.com/stretchr/testify"
  packages = ["assert"]
  pruneopts = "UT"
  revision = "ffdc059bfe9ce6a4e144ba849dbedead332c6053"
  version = "v1.3.0"

[[projects]]
  digest = "1:0377edffb6fff9b100103369cba0d250ff6dfe1d9d77fb994f1541082d1ce1ab"
  name = "github.com/urfave/cli"
  packages = ["."]
  pruneopts = "UT"
  revision = "5db74198dee1cfe60cf06a611d03a420361baad6"
  version = "v1.12.0"

[[projects]]
  digest = "1:25c94dba495a2eccc455516bb78d4b64cc69650b7fe9a358adc289c5a5fde1f5"
  name = "golang.org/x/crypto"
  packages = ["ssh/terminal"]
  pruneopts = "UT"
  revision = "1f22c0103821b9390939b6776727195525381532"

[[projects]]
  digest = "1:4268f3fa156756a989269111713aa2ea011a310c7aef1e48c3cb57f87addd851"
  name = "k8s.io/client-go"
  packages = [
    "third_party/forked/golang/template",
    "util/jsonpath",
  ]
  pruneopts = "UT"
  revision = "78d2af792babf2dd937ba2e2a8d99c753a5eda89"
  version = "v12.0.0"

[solve-meta]
  analyzer-name = "dep"
  analyzer-version = 1
  input-imports = [
    "github.com/stretchr/testify/assert",
    "github.com/urfave/cli",
    "golang.org/x/crypto/ssh/terminal",
    "k8s.io/client-go/util/jsonpath",
  ]
  solver-name = "gps-cdcl"
  solver-version = 1
